
Microsoft Visual Studio Solution File, Format Version 12.00
# Visual Studio Version 17
VisualStudioVersion = 17.4.33122.133
MinimumVisualStudioVersion = 10.0.40219.1
Project("{FAE04EC0-301F-11D3-BF4B-00C04F79EFBC}") = "InsourceSupport", "InsourceSupport\InsourceSupport.csproj", "{699CC995-4AAD-4D84-999E-B7055665F37C}"
EndProject
Project("{FAE04EC0-301F-11D3-BF4B-00C04F79EFBC}") = "InsourceData", "InsourceData\InsourceData.csproj", "{7258B06A-BCD2-46F3-A60F-395675EACE90}"
EndProject
Project("{FAE04EC0-301F-11D3-BF4B-00C04F79EFBC}") = "Utility", "Utility\Utility.csproj", "{638A2BE1-6A7C-473A-8E0E-158A0AF74F13}"
EndProject
Global
	GlobalSection(SolutionConfigurationPlatforms) = preSolution
		Debug|Any CPU = Debug|Any CPU
		Release|Any CPU = Release|Any CPU
	EndGlobalSection
	GlobalSection(ProjectConfigurationPlatforms) = postSolution
		{699CC995-4AAD-4D84-999E-B7055665F37C}.Debug|Any CPU.ActiveCfg = Debug|Any CPU
		{699CC995-4AAD-4D84-999E-B7055665F37C}.Debug|Any CPU.Build.0 = Debug|Any CPU
		{699CC995-4AAD-4D84-999E-B7055665F37C}.Release|Any CPU.ActiveCfg = Release|Any CPU
		{699CC995-4AAD-4D84-999E-B7055665F37C}.Release|Any CPU.Build.0 = Release|Any CPU
		{7258B06A-BCD2-46F3-A60F-395675EACE90}.Debug|Any CPU.ActiveCfg = Debug|Any CPU
		{7258B06A-BCD2-46F3-A60F-395675EACE90}.Debug|Any CPU.Build.0 = Debug|Any CPU
		{7258B06A-BCD2-46F3-A60F-395675EACE90}.Release|Any CPU.ActiveCfg = Release|Any CPU
		{7258B06A-BCD2-46F3-A60F-395675EACE90}.Release|Any CPU.Build.0 = Release|Any CPU
		{638A2BE1-6A7C-473A-8E0E-158A0AF74F13}.Debug|Any CPU.ActiveCfg = Debug|Any CPU
		{638A2BE1-6A7C-473A-8E0E-158A0AF74F13}.Debug|Any CPU.Build.0 = Debug|Any CPU
		{638A2BE1-6A7C-473A-8E0E-158A0AF74F13}.Release|Any CPU.ActiveCfg = Release|Any CPU
		{638A2BE1-6A7C-473A-8E0E-158A0AF74F13}.Release|Any CPU.Build.0 = Release|Any CPU
	EndGlobalSection
	GlobalSection(SolutionProperties) = preSolution
		HideSolutionNode = FALSE
	EndGlobalSection
	GlobalSection(ExtensibilityGlobals) = postSolution
		SolutionGuid = {9994DB52-9213-452D-96A8-ECA7ACCD6FF2}
	EndGlobalSection
EndGlobal
